
Microsoft Visual Studio Solution File, Format Version 12.00
# Visual Studio Version 17
VisualStudioVersion = 17.7.34221.43
MinimumVisualStudioVersion = 10.0.40219.1
Project("{FAE04EC0-301F-11D3-BF4B-00C04F79EFBC}") = "PAOO.Main", "PAOO.Main\PAOO.Main.csproj", "{7267D9ED-178C-41FB-A851-D77A8898F7F5}"
EndProject
Project("{FAE04EC0-301F-11D3-BF4B-00C04F79EFBC}") = "PAOO.Biblioteca", "PAOO.Biblioteca\PAOO.Biblioteca.csproj", "{1F2B6280-6DF5-4517-ABD2-0FB8BDD86A56}"
EndProject
Global
	GlobalSection(SolutionConfigurationPlatforms) = preSolution
		Debug|Any CPU = Debug|Any CPU
		Release|Any CPU = Release|Any CPU
	EndGlobalSection
	GlobalSection(ProjectConfigurationPlatforms) = postSolution
		{7267D9ED-178C-41FB-A851-D77A8898F7F5}.Debug|Any CPU.ActiveCfg = Debug|Any CPU
		{7267D9ED-178C-41FB-A851-D77A8898F7F5}.Debug|Any CPU.Build.0 = Debug|Any CPU
		{7267D9ED-178C-41FB-A851-D77A8898F7F5}.Release|Any CPU.ActiveCfg = Release|Any CPU
		{7267D9ED-178C-41FB-A851-D77A8898F7F5}.Release|Any CPU.Build.0 = Release|Any CPU
		{1F2B6280-6DF5-4517-ABD2-0FB8BDD86A56}.Debug|Any CPU.ActiveCfg = Debug|Any CPU
		{1F2B6280-6DF5-4517-ABD2-0FB8BDD86A56}.Debug|Any CPU.Build.0 = Debug|Any CPU
		{1F2B6280-6DF5-4517-ABD2-0FB8BDD86A56}.Release|Any CPU.ActiveCfg = Release|Any CPU
		{1F2B6280-6DF5-4517-ABD2-0FB8BDD86A56}.Release|Any CPU.Build.0 = Release|Any CPU
	EndGlobalSection
	GlobalSection(SolutionProperties) = preSolution
		HideSolutionNode = FALSE
	EndGlobalSection
	GlobalSection(ExtensibilityGlobals) = postSolution
		SolutionGuid = {2345B770-5646-454C-875B-A48938DD74D7}
	EndGlobalSection
EndGlobal
